
Microsoft Visual Studio Solution File, Format Version 12.00
# Visual Studio Version 17
VisualStudioVersion = 17.8.34330.188
MinimumVisualStudioVersion = 10.0.40219.1
Project("{FAE04EC0-301F-11D3-BF4B-00C04F79EFBC}") = "lab3", "lab3\lab3.csproj", "{5118B5B0-BD31-4C62-B959-0337787CDA03}"
EndProject
Global
	GlobalSection(SolutionConfigurationPlatforms) = preSolution
		Debug|Any CPU = Debug|Any CPU
		Release|Any CPU = Release|Any CPU
	EndGlobalSection
	GlobalSection(ProjectConfigurationPlatforms) = postSolution
		{5118B5B0-BD31-4C62-B959-0337787CDA03}.Debug|Any CPU.ActiveCfg = Debug|Any CPU
		{5118B5B0-BD31-4C62-B959-0337787CDA03}.Debug|Any CPU.Build.0 = Debug|Any CPU
		{5118B5B0-BD31-4C62-B959-0337787CDA03}.Release|Any CPU.ActiveCfg = Release|Any CPU
		{5118B5B0-BD31-4C62-B959-0337787CDA03}.Release|Any CPU.Build.0 = Release|Any CPU
	EndGlobalSection
	GlobalSection(SolutionProperties) = preSolution
		HideSolutionNode = FALSE
	EndGlobalSection
	GlobalSection(ExtensibilityGlobals) = postSolution
		SolutionGuid = {B1BB226B-A516-4636-92EE-193482FF3DE2}
	EndGlobalSection
EndGlobal
